
Microsoft Visual Studio Solution File, Format Version 12.00
# Visual Studio Version 16
VisualStudioVersion = 16.0.29709.97
MinimumVisualStudioVersion = 10.0.40219.1
Project("{9A19103F-16F7-4668-BE54-9A1E7A4F7556}") = "Sudoku", "Sudoku.csproj", "{BE7DEED5-7AAE-4487-A8FC-B9FA2F033564}"
EndProject
Project("{FAE04EC0-301F-11D3-BF4B-00C04F79EFBC}") = "Sudoku.UnitTests", "..\Sudoku.UnitTests\Sudoku.UnitTests.csproj", "{4A4B0F23-D77D-43EF-AD96-6F0C5F735641}"
EndProject
Global
	GlobalSection(SolutionConfigurationPlatforms) = preSolution
		Debug|Any CPU = Debug|Any CPU
		Release|Any CPU = Release|Any CPU
	EndGlobalSection
	GlobalSection(ProjectConfigurationPlatforms) = postSolution
		{BE7DEED5-7AAE-4487-A8FC-B9FA2F033564}.Debug|Any CPU.ActiveCfg = Debug|Any CPU
		{BE7DEED5-7AAE-4487-A8FC-B9FA2F033564}.Debug|Any CPU.Build.0 = Debug|Any CPU
		{BE7DEED5-7AAE-4487-A8FC-B9FA2F033564}.Release|Any CPU.ActiveCfg = Release|Any CPU
		{BE7DEED5-7AAE-4487-A8FC-B9FA2F033564}.Release|Any CPU.Build.0 = Release|Any CPU
		{4A4B0F23-D77D-43EF-AD96-6F0C5F735641}.Debug|Any CPU.ActiveCfg = Debug|Any CPU
		{4A4B0F23-D77D-43EF-AD96-6F0C5F735641}.Debug|Any CPU.Build.0 = Debug|Any CPU
		{4A4B0F23-D77D-43EF-AD96-6F0C5F735641}.Release|Any CPU.ActiveCfg = Release|Any CPU
		{4A4B0F23-D77D-43EF-AD96-6F0C5F735641}.Release|Any CPU.Build.0 = Release|Any CPU
	EndGlobalSection
	GlobalSection(SolutionProperties) = preSolution
		HideSolutionNode = FALSE
	EndGlobalSection
	GlobalSection(ExtensibilityGlobals) = postSolution
		SolutionGuid = {348B567C-51BD-4D65-831F-8480183FC13A}
	EndGlobalSection
EndGlobal
